// !$*UTF8*$!
{
	archiveVersion = 1;
	classes = {
	};
	objectVersion = 50;
	objects = {

/* Begin PBXBuildFile section */
		9ABD50B921EE2A58002B1302 /* AppDelegate.swift in Sources */ = {isa = PBXBuildFile; fileRef = 9ABD50B821EE2A58002B1302 /* AppDelegate.swift */; };
		9ABD50BE21EE2A58002B1302 /* Main.storyboard in Resources */ = {isa = PBXBuildFile; fileRef = 9ABD50BC21EE2A58002B1302 /* Main.storyboard */; };
		9ABD50C121EE2A58002B1302 /* fetchedResultsExample.xcdatamodeld in Sources */ = {isa = PBXBuildFile; fileRef = 9ABD50BF21EE2A58002B1302 /* fetchedResultsExample.xcdatamodeld */; };
		9ABD50C321EE2A5C002B1302 /* Assets.xcassets in Resources */ = {isa = PBXBuildFile; fileRef = 9ABD50C221EE2A5C002B1302 /* Assets.xcassets */; };
		9ABD50C621EE2A5C002B1302 /* LaunchScreen.storyboard in Resources */ = {isa = PBXBuildFile; fileRef = 9ABD50C421EE2A5C002B1302 /* LaunchScreen.storyboard */; };
		9ABD50CE21EE33DB002B1302 /* PersonTableViewController.swift in Sources */ = {isa = PBXBuildFile; fileRef = 9ABD50CD21EE33DB002B1302 /* PersonTableViewController.swift */; };
/* End PBXBuildFile section */

/* Begin PBXFileReference section */
		9ABD50B521EE2A58002B1302 /* fetchedResultsExample.app */ = {isa = PBXFileReference; explicitFileType = wrapper.application; includeInIndex = 0; path = fetchedResultsExample.app; sourceTree = BUILT_PRODUCTS_DIR; };
		9ABD50B821EE2A58002B1302 /* AppDelegate.swift */ = {isa = PBXFileReference; lastKnownFileType = sourcecode.swift; path = AppDelegate.swift; sourceTree = "<group>"; };
		9ABD50BD21EE2A58002B1302 /* Base */ = {isa = PBXFileReference; lastKnownFileType = file.storyboard; name = Base; path = Base.lproj/Main.storyboard; sourceTree = "<group>"; };
		9ABD50C021EE2A58002B1302 /* fetchedResultsExample.xcdatamodel */ = {isa = PBXFileReference; lastKnownFileType = wrapper.xcdatamodel; path = fetchedResultsExample.xcdatamodel; sourceTree = "<group>"; };
		9ABD50C221EE2A5C002B1302 /* Assets.xcassets */ = {isa = PBXFileReference; lastKnownFileType = folder.assetcatalog; path = Assets.xcassets; sourceTree = "<group>"; };
		9ABD50C521EE2A5C002B1302 /* Base */ = {isa = PBXFileReference; lastKnownFileType = file.storyboard; name = Base; path = Base.lproj/LaunchScreen.storyboard; sourceTree = "<group>"; };
		9ABD50C721EE2A5C002B1302 /* Info.plist */ = {isa = PBXFileReference; lastKnownFileType = text.plist.xml; path = Info.plist; sourceTree = "<group>"; };
		9ABD50CD21EE33DB002B1302 /* PersonTableViewController.swift */ = {isa = PBXFileReference; lastKnownFileType = sourcecode.swift; path = PersonTableViewController.swift; sourceTree = "<group>"; };
/* End PBXFileReference section */

/* Begin PBXFrameworksBuildPhase section */
		9ABD50B221EE2A58002B1302 /* Frameworks */ = {
			isa = PBXFrameworksBuildPhase;
			buildActionMask = 2147483647;
			files = (
			);
			runOnlyForDeploymentPostprocessing = 0;
		};
/* End PBXFrameworksBuildPhase section */

/* Begin PBXGroup section */
		9ABD50AC21EE2A58002B1302 = {
			isa = PBXGroup;
			children = (
				9ABD50B721EE2A58002B1302 /* fetchedResultsExample */,
				9ABD50B621EE2A58002B1302 /* Products */,
			);
			sourceTree = "<group>";
		};
		9ABD50B621EE2A58002B1302 /* Products */ = {
			isa = PBXGroup;
			children = (
				9ABD50B521EE2A58002B1302 /* fetchedResultsExample.app */,
			);
			name = Products;
			sourceTree = "<group>";
		};
		9ABD50B721EE2A58002B1302 /* fetchedResultsExample */ = {
			isa = PBXGroup;
			children = (
				9ABD50B821EE2A58002B1302 /* AppDelegate.swift */,
				9ABD50CD21EE33DB002B1302 /* PersonTableViewController.swift */,
				9ABD50BC21EE2A58002B1302 /* Main.storyboard */,
				9ABD50C221EE2A5C002B1302 /* Assets.xcassets */,
				9ABD50C421EE2A5C002B1302 /* LaunchScreen.storyboard */,
				9ABD50C721EE2A5C002B1302 /* Info.plist */,
				9ABD50BF21EE2A58002B1302 /* fetchedResultsExample.xcdatamodeld */,
			);
			path = fetchedResultsExample;
			sourceTree = "<group>";
		};
/* End PBXGroup section */

/* Begin PBXNativeTarget section */
		9ABD50B421EE2A58002B1302 /* fetchedResultsExample */ = {
			isa = PBXNativeTarget;
			buildConfigurationList = 9ABD50CA21EE2A5C002B1302 /* Build configuration list for PBXNativeTarget "fetchedResultsExample" */;
			buildPhases = (
				9ABD50B121EE2A58002B1302 /* Sources */,
				9ABD50B221EE2A58002B1302 /* Frameworks */,
				9ABD50B321EE2A58002B1302 /* Resources */,
			);
			buildRules = (
			);
			dependencies = (
			);
			name = fetchedResultsExample;
			productName = fetchedResultsExample;
			productReference = 9ABD50B521EE2A58002B1302 /* fetchedResultsExample.app */;
			productType = "com.apple.product-type.application";
		};
/* End PBXNativeTarget section */

/* Begin PBXProject section */
		9ABD50AD21EE2A58002B1302 /* Project object */ = {
			isa = PBXProject;
			attributes = {
				LastSwiftUpdateCheck = 1010;
				LastUpgradeCheck = 1010;
				ORGANIZATIONNAME = "Benjamin Poulsen PRO";
				TargetAttributes = {
					9ABD50B421EE2A58002B1302 = {
						CreatedOnToolsVersion = 10.1;
					};
				};
			};
			buildConfigurationList = 9ABD50B021EE2A58002B1302 /* Build configuration list for PBXProject "fetchedResultsExample" */;
			compatibilityVersion = "Xcode 9.3";
			developmentRegion = en;
			hasScannedForEncodings = 0;
			knownRegions = (
				en,
				Base,
			);
			mainGroup = 9ABD50AC21EE2A58002B1302;
			productRefGroup = 9ABD50B621EE2A58002B1302 /* Products */;
			projectDirPath = "";
			projectRoot = "";
			targets = (
				9ABD50B421EE2A58002B1302 /* fetchedResultsExample */,
			);
		};
/* End PBXProject section */

/* Begin PBXResourcesBuildPhase section */
		9ABD50B321EE2A58002B1302 /* Resources */ = {
			isa = PBXResourcesBuildPhase;
			buildActionMask = 2147483647;
			files = (
				9ABD50C621EE2A5C002B1302 /* LaunchScreen.storyboard in Resources */,
				9ABD50C321EE2A5C002B1302 /* Assets.xcassets in Resources */,
				9ABD50BE21EE2A58002B1302 /* Main.storyboard in Resources */,
			);
			runOnlyForDeploymentPostprocessing = 0;
		};
/* End PBXResourcesBuildPhase section */

/* Begin PBXSourcesBuildPhase section */
		9ABD50B121EE2A58002B1302 /* Sources */ = {
			isa = PBXSourcesBuildPhase;
			buildActionMask = 2147483647;
			files = (
				9ABD50CE21EE33DB002B1302 /* PersonTableViewController.swift in Sources */,
				9ABD50C121EE2A58002B1302 /* fetchedResultsExample.xcdatamodeld in Sources */,
				9ABD50B921EE2A58002B1302 /* AppDelegate.swift in Sources */,
			);
			runOnlyForDeploymentPostprocessing = 0;
		};
/* End PBXSourcesBuildPhase section */

/* Begin PBXVariantGroup section */
		9ABD50BC21EE2A58002B1302 /* Main.storyboard */ = {
			isa = PBXVariantGroup;
			children = (
				9ABD50BD21EE2A58002B1302 /* Base */,
			);
			name = Main.storyboard;
			sourceTree = "<group>";
		};
		9ABD50C421EE2A5C002B1302 /* LaunchScreen.storyboard */ = {
			isa = PBXVariantGroup;
			children = (
				9ABD50C521EE2A5C002B1302 /* Base */,
			);
			name = LaunchScreen.storyboard;
			sourceTree = "<group>";
		};
/* End PBXVariantGroup section */

/* Begin XCBuildConfiguration section */
		9ABD50C821EE2A5C002B1302 /* Debug */ = {
			isa = XCBuildConfiguration;
			buildSettings = {
				ALWAYS_SEARCH_USER_PATHS = NO;
				CLANG_ANALYZER_NONNULL = YES;
				CLANG_ANALYZER_NUMBER_OBJECT_CONVERSION = YES_AGGRESSIVE;
				CLANG_CXX_LANGUAGE_STANDARD = "gnu++14";
				CLANG_CXX_LIBRARY = "libc++";
				CLANG_ENABLE_MODULES = YES;
				CLANG_ENABLE_OBJC_ARC = YES;
				CLANG_ENABLE_OBJC_WEAK = YES;
				CLANG_WARN_BLOCK_CAPTURE_AUTORELEASING = YES;
				CLANG_WARN_BOOL_CONVERSION = YES;
				CLANG_WARN_COMMA = YES;
				CLANG_WARN_CONSTANT_CONVERSION = YES;
				CLANG_WARN_DEPRECATED_OBJC_IMPLEMENTATIONS = YES;
				CLANG_WARN_DIRECT_OBJC_ISA_USAGE = YES_ERROR;
				CLANG_WARN_DOCUMENTATION_COMMENTS = YES;
				CLANG_WARN_EMPTY_BODY = YES;
				CLANG_WARN_ENUM_CONVERSION = YES;
				CLANG_WARN_INFINITE_RECURSION = YES;
				CLANG_WARN_INT_CONVERSION = YES;
				CLANG_WARN_NON_LITERAL_NULL_CONVERSION = YES;
				CLANG_WARN_OBJC_IMPLICIT_RETAIN_SELF = YES;
				CLANG_WARN_OBJC_LITERAL_CONVERSION = YES;
				CLANG_WARN_OBJC_ROOT_CLASS = YES_ERROR;
				CLANG_WARN_RANGE_LOOP_ANALYSIS = YES;
				CLANG_WARN_STRICT_PROTOTYPES = YES;
				CLANG_WARN_SUSPICIOUS_MOVE = YES;
				CLANG_WARN_UNGUARDED_AVAILABILITY = YES_AGGRESSIVE;
				CLANG_WARN_UNREACHABLE_CODE = YES;
				CLANG_WARN__DUPLICATE_METHOD_MATCH = YES;
				CODE_SIGN_IDENTITY = "iPhone Developer";
				COPY_PHASE_STRIP = NO;
				DEBUG_INFORMATION_FORMAT = dwarf;
				ENABLE_STRICT_OBJC_MSGSEND = YES;
				ENABLE_TESTABILITY = YES;
				GCC_C_LANGUAGE_STANDARD = gnu11;
				GCC_DYNAMIC_NO_PIC = NO;
				GCC_NO_COMMON_BLOCKS = YES;
				GCC_OPTIMIZATION_LEVEL = 0;
				GCC_PREPROCESSOR_DEFINITIONS = (
					"DEBUG=1",
					"$(inherited)",
				);
				GCC_WARN_64_TO_32_BIT_CONVERSION = YES;
				GCC_WARN_ABOUT_RETURN_TYPE = YES_ERROR;
				GCC_WARN_UNDECLARED_SELECTOR = YES;
				GCC_WARN_UNINITIALIZED_AUTOS = YES_AGGRESSIVE;
				GCC_WARN_UNUSED_FUNCTION = YES;
				GCC_WARN_UNUSED_VARIABLE = YES;
				IPHONEOS_DEPLOYMENT_TARGET = 12.1;
				MTL_ENABLE_DEBUG_INFO = INCLUDE_SOURCE;
				MTL_FAST_MATH = YES;
				ONLY_ACTIVE_ARCH = YES;
				SDKROOT = iphoneos;
				SWIFT_ACTIVE_COMPILATION_CONDITIONS = DEBUG;
				SWIFT_OPTIMIZATION_LEVEL = "-Onone";
			};
			name = Debug;
		};
		9ABD50C921EE2A5C002B1302 /* Release */ = {
			isa = XCBuildConfiguration;
			buildSettings = {
				ALWAYS_SEARCH_USER_PATHS = NO;
				CLANG_ANALYZER_NONNULL = YES;
				CLANG_ANALYZER_NUMBER_OBJECT_CONVERSION = YES_AGGRESSIVE;
				CLANG_CXX_LANGUAGE_STANDARD = "gnu++14";
				CLANG_CXX_LIBRARY = "libc++";
				CLANG_ENABLE_MODULES = YES;
				CLANG_ENABLE_OBJC_ARC = YES;
				CLANG_ENABLE_OBJC_WEAK = YES;
				CLANG_WARN_BLOCK_CAPTURE_AUTORELEASING = YES;
				CLANG_WARN_BOOL_CONVERSION = YES;
				CLANG_WARN_COMMA = YES;
				CLANG_WARN_CONSTANT_CONVERSION = YES;
				CLANG_WARN_DEPRECATED_OBJC_IMPLEMENTATIONS = YES;
				CLANG_WARN_DIRECT_OBJC_ISA_USAGE = YES_ERROR;
				CLANG_WARN_DOCUMENTATION_COMMENTS = YES;
				CLANG_WARN_EMPTY_BODY = YES;
				CLANG_WARN_ENUM_CONVERSION = YES;
				CLANG_WARN_INFINITE_RECURSION = YES;
				CLANG_WARN_INT_CONVERSION = YES;
				CLANG_WARN_NON_LITERAL_NULL_CONVERSION = YES;
				CLANG_WARN_OBJC_IMPLICIT_RETAIN_SELF = YES;
				CLANG_WARN_OBJC_LITERAL_CONVERSION = YES;
				CLANG_WARN_OBJC_ROOT_CLASS = YES_ERROR;
				CLANG_WARN_RANGE_LOOP_ANALYSIS = YES;
				CLANG_WARN_STRICT_PROTOTYPES = YES;
				CLANG_WARN_SUSPICIOUS_MOVE = YES;
				CLANG_WARN_UNGUARDED_AVAILABILITY = YES_AGGRESSIVE;
				CLANG_WARN_UNREACHABLE_CODE = YES;
				CLANG_WARN__DUPLICATE_METHOD_MATCH = YES;
				CODE_SIGN_IDENTITY = "iPhone Developer";
				COPY_PHASE_STRIP = NO;
				DEBUG_INFORMATION_FORMAT = "dwarf-with-dsym";
				ENABLE_NS_ASSERTIONS = NO;
				ENABLE_STRICT_OBJC_MSGSEND = YES;
				GCC_C_LANGUAGE_STANDARD = gnu11;
				GCC_NO_COMMON_BLOCKS = YES;
				GCC_WARN_64_TO_32_BIT_CONVERSION = YES;
				GCC_WARN_ABOUT_RETURN_TYPE = YES_ERROR;
				GCC_WARN_UNDECLARED_SELECTOR = YES;
				GCC_WARN_UNINITIALIZED_AUTOS = YES_AGGRESSIVE;
				GCC_WARN_UNUSED_FUNCTION = YES;
				GCC_WARN_UNUSED_VARIABLE = YES;
				IPHONEOS_DEPLOYMENT_TARGET = 12.1;
				MTL_ENABLE_DEBUG_INFO = NO;
				MTL_FAST_MATH = YES;
				SDKROOT = iphoneos;
				SWIFT_COMPILATION_MODE = wholemodule;
				SWIFT_OPTIMIZATION_LEVEL = "-O";
				VALIDATE_PRODUCT = YES;
			};
			name = Release;
		};
		9ABD50CB21EE2A5C002B1302 /* Debug */ = {
			isa = XCBuildConfiguration;
			buildSettings = {
				ASSETCATALOG_COMPILER_APPICON_NAME = AppIcon;
				CODE_SIGN_STYLE = Automatic;
				INFOPLIST_FILE = fetchedResultsExample/Info.plist;
				LD_RUNPATH_SEARCH_PATHS = (
					"$(inherited)",
					"@executable_path/Frameworks",
				);
				PRODUCT_BUNDLE_IDENTIFIER = coffee.fetchedResultsExample;
				PRODUCT_NAME = "$(TARGET_NAME)";
				SWIFT_VERSION = 4.2;
				TARGETED_DEVICE_FAMILY = "1,2";
			};
			name = Debug;
		};
		9ABD50CC21EE2A5C002B1302 /* Release */ = {
			isa = XCBuildConfiguration;
			buildSettings = {
				ASSETCATALOG_COMPILER_APPICON_NAME = AppIcon;
				CODE_SIGN_STYLE = Automatic;
				INFOPLIST_FILE = fetchedResultsExample/Info.plist;
				LD_RUNPATH_SEARCH_PATHS = (
					"$(inherited)",
					"@executable_path/Frameworks",
				);
				PRODUCT_BUNDLE_IDENTIFIER = coffee.fetchedResultsExample;
				PRODUCT_NAME = "$(TARGET_NAME)";
				SWIFT_VERSION = 4.2;
				TARGETED_DEVICE_FAMILY = "1,2";
			};
			name = Release;
		};
/* End XCBuildConfiguration section */

/* Begin XCConfigurationList section */
		9ABD50B021EE2A58002B1302 /* Build configuration list for PBXProject "fetchedResultsExample" */ = {
			isa = XCConfigurationList;
			buildConfigurations = (
				9ABD50C821EE2A5C002B1302 /* Debug */,
				9ABD50C921EE2A5C002B1302 /* Release */,
			);
			defaultConfigurationIsVisible = 0;
			defaultConfigurationName = Release;
		};
		9ABD50CA21EE2A5C002B1302 /* Build configuration list for PBXNativeTarget "fetchedResultsExample" */ = {
			isa = XCConfigurationList;
			buildConfigurations = (
				9ABD50CB21EE2A5C002B1302 /* Debug */,
				9ABD50CC21EE2A5C002B1302 /* Release */,
			);
			defaultConfigurationIsVisible = 0;
			defaultConfigurationName = Release;
		};
/* End XCConfigurationList section */

/* Begin XCVersionGroup section */
		9ABD50BF21EE2A58002B1302 /* fetchedResultsExample.xcdatamodeld */ = {
			isa = XCVersionGroup;
			children = (
				9ABD50C021EE2A58002B1302 /* fetchedResultsExample.xcdatamodel */,
			);
			currentVersion = 9ABD50C021EE2A58002B1302 /* fetchedResultsExample.xcdatamodel */;
			path = fetchedResultsExample.xcdatamodeld;
			sourceTree = "<group>";
			versionGroupType = wrapper.xcdatamodel;
		};
/* End XCVersionGroup section */
	};
	rootObject = 9ABD50AD21EE2A58002B1302 /* Project object */;
}
