// !$*UTF8*$!
{
	archiveVersion = 1;
	classes = {
	};
	objectVersion = 50;
	objects = {

/* Begin PBXBuildFile section */
		9A091C3C21E3AA5C0007F332 /* AppDelegate.swift in Sources */ = {isa = PBXBuildFile; fileRef = 9A091C3B21E3AA5C0007F332 /* AppDelegate.swift */; };
		9A091C3E21E3AA5C0007F332 /* ViewController.swift in Sources */ = {isa = PBXBuildFile; fileRef = 9A091C3D21E3AA5C0007F332 /* ViewController.swift */; };
		9A091C4121E3AA5C0007F332 /* Main.storyboard in Resources */ = {isa = PBXBuildFile; fileRef = 9A091C3F21E3AA5C0007F332 /* Main.storyboard */; };
		9A091C4421E3AA5C0007F332 /* FamilyTreeDemo.xcdatamodeld in Sources */ = {isa = PBXBuildFile; fileRef = 9A091C4221E3AA5C0007F332 /* FamilyTreeDemo.xcdatamodeld */; };
		9A091C4621E3AA5E0007F332 /* Assets.xcassets in Resources */ = {isa = PBXBuildFile; fileRef = 9A091C4521E3AA5E0007F332 /* Assets.xcassets */; };
		9A091C4921E3AA5E0007F332 /* LaunchScreen.storyboard in Resources */ = {isa = PBXBuildFile; fileRef = 9A091C4721E3AA5E0007F332 /* LaunchScreen.storyboard */; };
		9A091C5421E3AA5E0007F332 /* FamilyTreeDemoTests.swift in Sources */ = {isa = PBXBuildFile; fileRef = 9A091C5321E3AA5E0007F332 /* FamilyTreeDemoTests.swift */; };
		9A091C5F21E3AA5E0007F332 /* FamilyTreeDemoUITests.swift in Sources */ = {isa = PBXBuildFile; fileRef = 9A091C5E21E3AA5E0007F332 /* FamilyTreeDemoUITests.swift */; };
/* End PBXBuildFile section */

/* Begin PBXContainerItemProxy section */
		9A091C5021E3AA5E0007F332 /* PBXContainerItemProxy */ = {
			isa = PBXContainerItemProxy;
			containerPortal = 9A091C3021E3AA5C0007F332 /* Project object */;
			proxyType = 1;
			remoteGlobalIDString = 9A091C3721E3AA5C0007F332;
			remoteInfo = FamilyTreeDemo;
		};
		9A091C5B21E3AA5E0007F332 /* PBXContainerItemProxy */ = {
			isa = PBXContainerItemProxy;
			containerPortal = 9A091C3021E3AA5C0007F332 /* Project object */;
			proxyType = 1;
			remoteGlobalIDString = 9A091C3721E3AA5C0007F332;
			remoteInfo = FamilyTreeDemo;
		};
/* End PBXContainerItemProxy section */

/* Begin PBXFileReference section */
		9A091C3821E3AA5C0007F332 /* FamilyTreeDemo.app */ = {isa = PBXFileReference; explicitFileType = wrapper.application; includeInIndex = 0; path = FamilyTreeDemo.app; sourceTree = BUILT_PRODUCTS_DIR; };
		9A091C3B21E3AA5C0007F332 /* AppDelegate.swift */ = {isa = PBXFileReference; lastKnownFileType = sourcecode.swift; path = AppDelegate.swift; sourceTree = "<group>"; };
		9A091C3D21E3AA5C0007F332 /* ViewController.swift */ = {isa = PBXFileReference; lastKnownFileType = sourcecode.swift; path = ViewController.swift; sourceTree = "<group>"; };
		9A091C4021E3AA5C0007F332 /* Base */ = {isa = PBXFileReference; lastKnownFileType = file.storyboard; name = Base; path = Base.lproj/Main.storyboard; sourceTree = "<group>"; };
		9A091C4321E3AA5C0007F332 /* FamilyTreeDemo.xcdatamodel */ = {isa = PBXFileReference; lastKnownFileType = wrapper.xcdatamodel; path = FamilyTreeDemo.xcdatamodel; sourceTree = "<group>"; };
		9A091C4521E3AA5E0007F332 /* Assets.xcassets */ = {isa = PBXFileReference; lastKnownFileType = folder.assetcatalog; path = Assets.xcassets; sourceTree = "<group>"; };
		9A091C4821E3AA5E0007F332 /* Base */ = {isa = PBXFileReference; lastKnownFileType = file.storyboard; name = Base; path = Base.lproj/LaunchScreen.storyboard; sourceTree = "<group>"; };
		9A091C4A21E3AA5E0007F332 /* Info.plist */ = {isa = PBXFileReference; lastKnownFileType = text.plist.xml; path = Info.plist; sourceTree = "<group>"; };
		9A091C4F21E3AA5E0007F332 /* FamilyTreeDemoTests.xctest */ = {isa = PBXFileReference; explicitFileType = wrapper.cfbundle; includeInIndex = 0; path = FamilyTreeDemoTests.xctest; sourceTree = BUILT_PRODUCTS_DIR; };
		9A091C5321E3AA5E0007F332 /* FamilyTreeDemoTests.swift */ = {isa = PBXFileReference; lastKnownFileType = sourcecode.swift; path = FamilyTreeDemoTests.swift; sourceTree = "<group>"; };
		9A091C5521E3AA5E0007F332 /* Info.plist */ = {isa = PBXFileReference; lastKnownFileType = text.plist.xml; path = Info.plist; sourceTree = "<group>"; };
		9A091C5A21E3AA5E0007F332 /* FamilyTreeDemoUITests.xctest */ = {isa = PBXFileReference; explicitFileType = wrapper.cfbundle; includeInIndex = 0; path = FamilyTreeDemoUITests.xctest; sourceTree = BUILT_PRODUCTS_DIR; };
		9A091C5E21E3AA5E0007F332 /* FamilyTreeDemoUITests.swift */ = {isa = PBXFileReference; lastKnownFileType = sourcecode.swift; path = FamilyTreeDemoUITests.swift; sourceTree = "<group>"; };
		9A091C6021E3AA5E0007F332 /* Info.plist */ = {isa = PBXFileReference; lastKnownFileType = text.plist.xml; path = Info.plist; sourceTree = "<group>"; };
/* End PBXFileReference section */

/* Begin PBXFrameworksBuildPhase section */
		9A091C3521E3AA5C0007F332 /* Frameworks */ = {
			isa = PBXFrameworksBuildPhase;
			buildActionMask = 2147483647;
			files = (
			);
			runOnlyForDeploymentPostprocessing = 0;
		};
		9A091C4C21E3AA5E0007F332 /* Frameworks */ = {
			isa = PBXFrameworksBuildPhase;
			buildActionMask = 2147483647;
			files = (
			);
			runOnlyForDeploymentPostprocessing = 0;
		};
		9A091C5721E3AA5E0007F332 /* Frameworks */ = {
			isa = PBXFrameworksBuildPhase;
			buildActionMask = 2147483647;
			files = (
			);
			runOnlyForDeploymentPostprocessing = 0;
		};
/* End PBXFrameworksBuildPhase section */

/* Begin PBXGroup section */
		9A091C2F21E3AA5C0007F332 = {
			isa = PBXGroup;
			children = (
				9A091C3A21E3AA5C0007F332 /* FamilyTreeDemo */,
				9A091C5221E3AA5E0007F332 /* FamilyTreeDemoTests */,
				9A091C5D21E3AA5E0007F332 /* FamilyTreeDemoUITests */,
				9A091C3921E3AA5C0007F332 /* Products */,
			);
			sourceTree = "<group>";
		};
		9A091C3921E3AA5C0007F332 /* Products */ = {
			isa = PBXGroup;
			children = (
				9A091C3821E3AA5C0007F332 /* FamilyTreeDemo.app */,
				9A091C4F21E3AA5E0007F332 /* FamilyTreeDemoTests.xctest */,
				9A091C5A21E3AA5E0007F332 /* FamilyTreeDemoUITests.xctest */,
			);
			name = Products;
			sourceTree = "<group>";
		};
		9A091C3A21E3AA5C0007F332 /* FamilyTreeDemo */ = {
			isa = PBXGroup;
			children = (
				9A091C3B21E3AA5C0007F332 /* AppDelegate.swift */,
				9A091C3D21E3AA5C0007F332 /* ViewController.swift */,
				9A091C3F21E3AA5C0007F332 /* Main.storyboard */,
				9A091C4521E3AA5E0007F332 /* Assets.xcassets */,
				9A091C4721E3AA5E0007F332 /* LaunchScreen.storyboard */,
				9A091C4A21E3AA5E0007F332 /* Info.plist */,
				9A091C4221E3AA5C0007F332 /* FamilyTreeDemo.xcdatamodeld */,
			);
			path = FamilyTreeDemo;
			sourceTree = "<group>";
		};
		9A091C5221E3AA5E0007F332 /* FamilyTreeDemoTests */ = {
			isa = PBXGroup;
			children = (
				9A091C5321E3AA5E0007F332 /* FamilyTreeDemoTests.swift */,
				9A091C5521E3AA5E0007F332 /* Info.plist */,
			);
			path = FamilyTreeDemoTests;
			sourceTree = "<group>";
		};
		9A091C5D21E3AA5E0007F332 /* FamilyTreeDemoUITests */ = {
			isa = PBXGroup;
			children = (
				9A091C5E21E3AA5E0007F332 /* FamilyTreeDemoUITests.swift */,
				9A091C6021E3AA5E0007F332 /* Info.plist */,
			);
			path = FamilyTreeDemoUITests;
			sourceTree = "<group>";
		};
/* End PBXGroup section */

/* Begin PBXNativeTarget section */
		9A091C3721E3AA5C0007F332 /* FamilyTreeDemo */ = {
			isa = PBXNativeTarget;
			buildConfigurationList = 9A091C6321E3AA5E0007F332 /* Build configuration list for PBXNativeTarget "FamilyTreeDemo" */;
			buildPhases = (
				9A091C3421E3AA5C0007F332 /* Sources */,
				9A091C3521E3AA5C0007F332 /* Frameworks */,
				9A091C3621E3AA5C0007F332 /* Resources */,
			);
			buildRules = (
			);
			dependencies = (
			);
			name = FamilyTreeDemo;
			productName = FamilyTreeDemo;
			productReference = 9A091C3821E3AA5C0007F332 /* FamilyTreeDemo.app */;
			productType = "com.apple.product-type.application";
		};
		9A091C4E21E3AA5E0007F332 /* FamilyTreeDemoTests */ = {
			isa = PBXNativeTarget;
			buildConfigurationList = 9A091C6621E3AA5E0007F332 /* Build configuration list for PBXNativeTarget "FamilyTreeDemoTests" */;
			buildPhases = (
				9A091C4B21E3AA5E0007F332 /* Sources */,
				9A091C4C21E3AA5E0007F332 /* Frameworks */,
				9A091C4D21E3AA5E0007F332 /* Resources */,
			);
			buildRules = (
			);
			dependencies = (
				9A091C5121E3AA5E0007F332 /* PBXTargetDependency */,
			);
			name = FamilyTreeDemoTests;
			productName = FamilyTreeDemoTests;
			productReference = 9A091C4F21E3AA5E0007F332 /* FamilyTreeDemoTests.xctest */;
			productType = "com.apple.product-type.bundle.unit-test";
		};
		9A091C5921E3AA5E0007F332 /* FamilyTreeDemoUITests */ = {
			isa = PBXNativeTarget;
			buildConfigurationList = 9A091C6921E3AA5E0007F332 /* Build configuration list for PBXNativeTarget "FamilyTreeDemoUITests" */;
			buildPhases = (
				9A091C5621E3AA5E0007F332 /* Sources */,
				9A091C5721E3AA5E0007F332 /* Frameworks */,
				9A091C5821E3AA5E0007F332 /* Resources */,
			);
			buildRules = (
			);
			dependencies = (
				9A091C5C21E3AA5E0007F332 /* PBXTargetDependency */,
			);
			name = FamilyTreeDemoUITests;
			productName = FamilyTreeDemoUITests;
			productReference = 9A091C5A21E3AA5E0007F332 /* FamilyTreeDemoUITests.xctest */;
			productType = "com.apple.product-type.bundle.ui-testing";
		};
/* End PBXNativeTarget section */

/* Begin PBXProject section */
		9A091C3021E3AA5C0007F332 /* Project object */ = {
			isa = PBXProject;
			attributes = {
				LastSwiftUpdateCheck = 1010;
				LastUpgradeCheck = 1010;
				ORGANIZATIONNAME = "Benjamin Poulsen PRO";
				TargetAttributes = {
					9A091C3721E3AA5C0007F332 = {
						CreatedOnToolsVersion = 10.1;
					};
					9A091C4E21E3AA5E0007F332 = {
						CreatedOnToolsVersion = 10.1;
						TestTargetID = 9A091C3721E3AA5C0007F332;
					};
					9A091C5921E3AA5E0007F332 = {
						CreatedOnToolsVersion = 10.1;
						TestTargetID = 9A091C3721E3AA5C0007F332;
					};
				};
			};
			buildConfigurationList = 9A091C3321E3AA5C0007F332 /* Build configuration list for PBXProject "FamilyTreeDemo" */;
			compatibilityVersion = "Xcode 9.3";
			developmentRegion = en;
			hasScannedForEncodings = 0;
			knownRegions = (
				en,
				Base,
			);
			mainGroup = 9A091C2F21E3AA5C0007F332;
			productRefGroup = 9A091C3921E3AA5C0007F332 /* Products */;
			projectDirPath = "";
			projectRoot = "";
			targets = (
				9A091C3721E3AA5C0007F332 /* FamilyTreeDemo */,
				9A091C4E21E3AA5E0007F332 /* FamilyTreeDemoTests */,
				9A091C5921E3AA5E0007F332 /* FamilyTreeDemoUITests */,
			);
		};
/* End PBXProject section */

/* Begin PBXResourcesBuildPhase section */
		9A091C3621E3AA5C0007F332 /* Resources */ = {
			isa = PBXResourcesBuildPhase;
			buildActionMask = 2147483647;
			files = (
				9A091C4921E3AA5E0007F332 /* LaunchScreen.storyboard in Resources */,
				9A091C4621E3AA5E0007F332 /* Assets.xcassets in Resources */,
				9A091C4121E3AA5C0007F332 /* Main.storyboard in Resources */,
			);
			runOnlyForDeploymentPostprocessing = 0;
		};
		9A091C4D21E3AA5E0007F332 /* Resources */ = {
			isa = PBXResourcesBuildPhase;
			buildActionMask = 2147483647;
			files = (
			);
			runOnlyForDeploymentPostprocessing = 0;
		};
		9A091C5821E3AA5E0007F332 /* Resources */ = {
			isa = PBXResourcesBuildPhase;
			buildActionMask = 2147483647;
			files = (
			);
			runOnlyForDeploymentPostprocessing = 0;
		};
/* End PBXResourcesBuildPhase section */

/* Begin PBXSourcesBuildPhase section */
		9A091C3421E3AA5C0007F332 /* Sources */ = {
			isa = PBXSourcesBuildPhase;
			buildActionMask = 2147483647;
			files = (
				9A091C3E21E3AA5C0007F332 /* ViewController.swift in Sources */,
				9A091C3C21E3AA5C0007F332 /* AppDelegate.swift in Sources */,
				9A091C4421E3AA5C0007F332 /* FamilyTreeDemo.xcdatamodeld in Sources */,
			);
			runOnlyForDeploymentPostprocessing = 0;
		};
		9A091C4B21E3AA5E0007F332 /* Sources */ = {
			isa = PBXSourcesBuildPhase;
			buildActionMask = 2147483647;
			files = (
				9A091C5421E3AA5E0007F332 /* FamilyTreeDemoTests.swift in Sources */,
			);
			runOnlyForDeploymentPostprocessing = 0;
		};
		9A091C5621E3AA5E0007F332 /* Sources */ = {
			isa = PBXSourcesBuildPhase;
			buildActionMask = 2147483647;
			files = (
				9A091C5F21E3AA5E0007F332 /* FamilyTreeDemoUITests.swift in Sources */,
			);
			runOnlyForDeploymentPostprocessing = 0;
		};
/* End PBXSourcesBuildPhase section */

/* Begin PBXTargetDependency section */
		9A091C5121E3AA5E0007F332 /* PBXTargetDependency */ = {
			isa = PBXTargetDependency;
			target = 9A091C3721E3AA5C0007F332 /* FamilyTreeDemo */;
			targetProxy = 9A091C5021E3AA5E0007F332 /* PBXContainerItemProxy */;
		};
		9A091C5C21E3AA5E0007F332 /* PBXTargetDependency */ = {
			isa = PBXTargetDependency;
			target = 9A091C3721E3AA5C0007F332 /* FamilyTreeDemo */;
			targetProxy = 9A091C5B21E3AA5E0007F332 /* PBXContainerItemProxy */;
		};
/* End PBXTargetDependency section */

/* Begin PBXVariantGroup section */
		9A091C3F21E3AA5C0007F332 /* Main.storyboard */ = {
			isa = PBXVariantGroup;
			children = (
				9A091C4021E3AA5C0007F332 /* Base */,
			);
			name = Main.storyboard;
			sourceTree = "<group>";
		};
		9A091C4721E3AA5E0007F332 /* LaunchScreen.storyboard */ = {
			isa = PBXVariantGroup;
			children = (
				9A091C4821E3AA5E0007F332 /* Base */,
			);
			name = LaunchScreen.storyboard;
			sourceTree = "<group>";
		};
/* End PBXVariantGroup section */

/* Begin XCBuildConfiguration section */
		9A091C6121E3AA5E0007F332 /* Debug */ = {
			isa = XCBuildConfiguration;
			buildSettings = {
				ALWAYS_SEARCH_USER_PATHS = NO;
				CLANG_ANALYZER_NONNULL = YES;
				CLANG_ANALYZER_NUMBER_OBJECT_CONVERSION = YES_AGGRESSIVE;
				CLANG_CXX_LANGUAGE_STANDARD = "gnu++14";
				CLANG_CXX_LIBRARY = "libc++";
				CLANG_ENABLE_MODULES = YES;
				CLANG_ENABLE_OBJC_ARC = YES;
				CLANG_ENABLE_OBJC_WEAK = YES;
				CLANG_WARN_BLOCK_CAPTURE_AUTORELEASING = YES;
				CLANG_WARN_BOOL_CONVERSION = YES;
				CLANG_WARN_COMMA = YES;
				CLANG_WARN_CONSTANT_CONVERSION = YES;
				CLANG_WARN_DEPRECATED_OBJC_IMPLEMENTATIONS = YES;
				CLANG_WARN_DIRECT_OBJC_ISA_USAGE = YES_ERROR;
				CLANG_WARN_DOCUMENTATION_COMMENTS = YES;
				CLANG_WARN_EMPTY_BODY = YES;
				CLANG_WARN_ENUM_CONVERSION = YES;
				CLANG_WARN_INFINITE_RECURSION = YES;
				CLANG_WARN_INT_CONVERSION = YES;
				CLANG_WARN_NON_LITERAL_NULL_CONVERSION = YES;
				CLANG_WARN_OBJC_IMPLICIT_RETAIN_SELF = YES;
				CLANG_WARN_OBJC_LITERAL_CONVERSION = YES;
				CLANG_WARN_OBJC_ROOT_CLASS = YES_ERROR;
				CLANG_WARN_RANGE_LOOP_ANALYSIS = YES;
				CLANG_WARN_STRICT_PROTOTYPES = YES;
				CLANG_WARN_SUSPICIOUS_MOVE = YES;
				CLANG_WARN_UNGUARDED_AVAILABILITY = YES_AGGRESSIVE;
				CLANG_WARN_UNREACHABLE_CODE = YES;
				CLANG_WARN__DUPLICATE_METHOD_MATCH = YES;
				CODE_SIGN_IDENTITY = "iPhone Developer";
				COPY_PHASE_STRIP = NO;
				DEBUG_INFORMATION_FORMAT = dwarf;
				ENABLE_STRICT_OBJC_MSGSEND = YES;
				ENABLE_TESTABILITY = YES;
				GCC_C_LANGUAGE_STANDARD = gnu11;
				GCC_DYNAMIC_NO_PIC = NO;
				GCC_NO_COMMON_BLOCKS = YES;
				GCC_OPTIMIZATION_LEVEL = 0;
				GCC_PREPROCESSOR_DEFINITIONS = (
					"DEBUG=1",
					"$(inherited)",
				);
				GCC_WARN_64_TO_32_BIT_CONVERSION = YES;
				GCC_WARN_ABOUT_RETURN_TYPE = YES_ERROR;
				GCC_WARN_UNDECLARED_SELECTOR = YES;
				GCC_WARN_UNINITIALIZED_AUTOS = YES_AGGRESSIVE;
				GCC_WARN_UNUSED_FUNCTION = YES;
				GCC_WARN_UNUSED_VARIABLE = YES;
				IPHONEOS_DEPLOYMENT_TARGET = 12.1;
				MTL_ENABLE_DEBUG_INFO = INCLUDE_SOURCE;
				MTL_FAST_MATH = YES;
				ONLY_ACTIVE_ARCH = YES;
				SDKROOT = iphoneos;
				SWIFT_ACTIVE_COMPILATION_CONDITIONS = DEBUG;
				SWIFT_OPTIMIZATION_LEVEL = "-Onone";
			};
			name = Debug;
		};
		9A091C6221E3AA5E0007F332 /* Release */ = {
			isa = XCBuildConfiguration;
			buildSettings = {
				ALWAYS_SEARCH_USER_PATHS = NO;
				CLANG_ANALYZER_NONNULL = YES;
				CLANG_ANALYZER_NUMBER_OBJECT_CONVERSION = YES_AGGRESSIVE;
				CLANG_CXX_LANGUAGE_STANDARD = "gnu++14";
				CLANG_CXX_LIBRARY = "libc++";
				CLANG_ENABLE_MODULES = YES;
				CLANG_ENABLE_OBJC_ARC = YES;
				CLANG_ENABLE_OBJC_WEAK = YES;
				CLANG_WARN_BLOCK_CAPTURE_AUTORELEASING = YES;
				CLANG_WARN_BOOL_CONVERSION = YES;
				CLANG_WARN_COMMA = YES;
				CLANG_WARN_CONSTANT_CONVERSION = YES;
				CLANG_WARN_DEPRECATED_OBJC_IMPLEMENTATIONS = YES;
				CLANG_WARN_DIRECT_OBJC_ISA_USAGE = YES_ERROR;
				CLANG_WARN_DOCUMENTATION_COMMENTS = YES;
				CLANG_WARN_EMPTY_BODY = YES;
				CLANG_WARN_ENUM_CONVERSION = YES;
				CLANG_WARN_INFINITE_RECURSION = YES;
				CLANG_WARN_INT_CONVERSION = YES;
				CLANG_WARN_NON_LITERAL_NULL_CONVERSION = YES;
				CLANG_WARN_OBJC_IMPLICIT_RETAIN_SELF = YES;
				CLANG_WARN_OBJC_LITERAL_CONVERSION = YES;
				CLANG_WARN_OBJC_ROOT_CLASS = YES_ERROR;
				CLANG_WARN_RANGE_LOOP_ANALYSIS = YES;
				CLANG_WARN_STRICT_PROTOTYPES = YES;
				CLANG_WARN_SUSPICIOUS_MOVE = YES;
				CLANG_WARN_UNGUARDED_AVAILABILITY = YES_AGGRESSIVE;
				CLANG_WARN_UNREACHABLE_CODE = YES;
				CLANG_WARN__DUPLICATE_METHOD_MATCH = YES;
				CODE_SIGN_IDENTITY = "iPhone Developer";
				COPY_PHASE_STRIP = NO;
				DEBUG_INFORMATION_FORMAT = "dwarf-with-dsym";
				ENABLE_NS_ASSERTIONS = NO;
				ENABLE_STRICT_OBJC_MSGSEND = YES;
				GCC_C_LANGUAGE_STANDARD = gnu11;
				GCC_NO_COMMON_BLOCKS = YES;
				GCC_WARN_64_TO_32_BIT_CONVERSION = YES;
				GCC_WARN_ABOUT_RETURN_TYPE = YES_ERROR;
				GCC_WARN_UNDECLARED_SELECTOR = YES;
				GCC_WARN_UNINITIALIZED_AUTOS = YES_AGGRESSIVE;
				GCC_WARN_UNUSED_FUNCTION = YES;
				GCC_WARN_UNUSED_VARIABLE = YES;
				IPHONEOS_DEPLOYMENT_TARGET = 12.1;
				MTL_ENABLE_DEBUG_INFO = NO;
				MTL_FAST_MATH = YES;
				SDKROOT = iphoneos;
				SWIFT_COMPILATION_MODE = wholemodule;
				SWIFT_OPTIMIZATION_LEVEL = "-O";
				VALIDATE_PRODUCT = YES;
			};
			name = Release;
		};
		9A091C6421E3AA5E0007F332 /* Debug */ = {
			isa = XCBuildConfiguration;
			buildSettings = {
				ASSETCATALOG_COMPILER_APPICON_NAME = AppIcon;
				CODE_SIGN_STYLE = Automatic;
				INFOPLIST_FILE = FamilyTreeDemo/Info.plist;
				LD_RUNPATH_SEARCH_PATHS = (
					"$(inherited)",
					"@executable_path/Frameworks",
				);
				PRODUCT_BUNDLE_IDENTIFIER = coffee.FamilyTreeDemo;
				PRODUCT_NAME = "$(TARGET_NAME)";
				SWIFT_VERSION = 4.2;
				TARGETED_DEVICE_FAMILY = "1,2";
			};
			name = Debug;
		};
		9A091C6521E3AA5E0007F332 /* Release */ = {
			isa = XCBuildConfiguration;
			buildSettings = {
				ASSETCATALOG_COMPILER_APPICON_NAME = AppIcon;
				CODE_SIGN_STYLE = Automatic;
				INFOPLIST_FILE = FamilyTreeDemo/Info.plist;
				LD_RUNPATH_SEARCH_PATHS = (
					"$(inherited)",
					"@executable_path/Frameworks",
				);
				PRODUCT_BUNDLE_IDENTIFIER = coffee.FamilyTreeDemo;
				PRODUCT_NAME = "$(TARGET_NAME)";
				SWIFT_VERSION = 4.2;
				TARGETED_DEVICE_FAMILY = "1,2";
			};
			name = Release;
		};
		9A091C6721E3AA5E0007F332 /* Debug */ = {
			isa = XCBuildConfiguration;
			buildSettings = {
				ALWAYS_EMBED_SWIFT_STANDARD_LIBRARIES = YES;
				BUNDLE_LOADER = "$(TEST_HOST)";
				CODE_SIGN_STYLE = Automatic;
				INFOPLIST_FILE = FamilyTreeDemoTests/Info.plist;
				LD_RUNPATH_SEARCH_PATHS = (
					"$(inherited)",
					"@executable_path/Frameworks",
					"@loader_path/Frameworks",
				);
				PRODUCT_BUNDLE_IDENTIFIER = coffee.FamilyTreeDemoTests;
				PRODUCT_NAME = "$(TARGET_NAME)";
				SWIFT_VERSION = 4.2;
				TARGETED_DEVICE_FAMILY = "1,2";
				TEST_HOST = "$(BUILT_PRODUCTS_DIR)/FamilyTreeDemo.app/FamilyTreeDemo";
			};
			name = Debug;
		};
		9A091C6821E3AA5E0007F332 /* Release */ = {
			isa = XCBuildConfiguration;
			buildSettings = {
				ALWAYS_EMBED_SWIFT_STANDARD_LIBRARIES = YES;
				BUNDLE_LOADER = "$(TEST_HOST)";
				CODE_SIGN_STYLE = Automatic;
				INFOPLIST_FILE = FamilyTreeDemoTests/Info.plist;
				LD_RUNPATH_SEARCH_PATHS = (
					"$(inherited)",
					"@executable_path/Frameworks",
					"@loader_path/Frameworks",
				);
				PRODUCT_BUNDLE_IDENTIFIER = coffee.FamilyTreeDemoTests;
				PRODUCT_NAME = "$(TARGET_NAME)";
				SWIFT_VERSION = 4.2;
				TARGETED_DEVICE_FAMILY = "1,2";
				TEST_HOST = "$(BUILT_PRODUCTS_DIR)/FamilyTreeDemo.app/FamilyTreeDemo";
			};
			name = Release;
		};
		9A091C6A21E3AA5E0007F332 /* Debug */ = {
			isa = XCBuildConfiguration;
			buildSettings = {
				ALWAYS_EMBED_SWIFT_STANDARD_LIBRARIES = YES;
				CODE_SIGN_STYLE = Automatic;
				INFOPLIST_FILE = FamilyTreeDemoUITests/Info.plist;
				LD_RUNPATH_SEARCH_PATHS = (
					"$(inherited)",
					"@executable_path/Frameworks",
					"@loader_path/Frameworks",
				);
				PRODUCT_BUNDLE_IDENTIFIER = coffee.FamilyTreeDemoUITests;
				PRODUCT_NAME = "$(TARGET_NAME)";
				SWIFT_VERSION = 4.2;
				TARGETED_DEVICE_FAMILY = "1,2";
				TEST_TARGET_NAME = FamilyTreeDemo;
			};
			name = Debug;
		};
		9A091C6B21E3AA5E0007F332 /* Release */ = {
			isa = XCBuildConfiguration;
			buildSettings = {
				ALWAYS_EMBED_SWIFT_STANDARD_LIBRARIES = YES;
				CODE_SIGN_STYLE = Automatic;
				INFOPLIST_FILE = FamilyTreeDemoUITests/Info.plist;
				LD_RUNPATH_SEARCH_PATHS = (
					"$(inherited)",
					"@executable_path/Frameworks",
					"@loader_path/Frameworks",
				);
				PRODUCT_BUNDLE_IDENTIFIER = coffee.FamilyTreeDemoUITests;
				PRODUCT_NAME = "$(TARGET_NAME)";
				SWIFT_VERSION = 4.2;
				TARGETED_DEVICE_FAMILY = "1,2";
				TEST_TARGET_NAME = FamilyTreeDemo;
			};
			name = Release;
		};
/* End XCBuildConfiguration section */

/* Begin XCConfigurationList section */
		9A091C3321E3AA5C0007F332 /* Build configuration list for PBXProject "FamilyTreeDemo" */ = {
			isa = XCConfigurationList;
			buildConfigurations = (
				9A091C6121E3AA5E0007F332 /* Debug */,
				9A091C6221E3AA5E0007F332 /* Release */,
			);
			defaultConfigurationIsVisible = 0;
			defaultConfigurationName = Release;
		};
		9A091C6321E3AA5E0007F332 /* Build configuration list for PBXNativeTarget "FamilyTreeDemo" */ = {
			isa = XCConfigurationList;
			buildConfigurations = (
				9A091C6421E3AA5E0007F332 /* Debug */,
				9A091C6521E3AA5E0007F332 /* Release */,
			);
			defaultConfigurationIsVisible = 0;
			defaultConfigurationName = Release;
		};
		9A091C6621E3AA5E0007F332 /* Build configuration list for PBXNativeTarget "FamilyTreeDemoTests" */ = {
			isa = XCConfigurationList;
			buildConfigurations = (
				9A091C6721E3AA5E0007F332 /* Debug */,
				9A091C6821E3AA5E0007F332 /* Release */,
			);
			defaultConfigurationIsVisible = 0;
			defaultConfigurationName = Release;
		};
		9A091C6921E3AA5E0007F332 /* Build configuration list for PBXNativeTarget "FamilyTreeDemoUITests" */ = {
			isa = XCConfigurationList;
			buildConfigurations = (
				9A091C6A21E3AA5E0007F332 /* Debug */,
				9A091C6B21E3AA5E0007F332 /* Release */,
			);
			defaultConfigurationIsVisible = 0;
			defaultConfigurationName = Release;
		};
/* End XCConfigurationList section */

/* Begin XCVersionGroup section */
		9A091C4221E3AA5C0007F332 /* FamilyTreeDemo.xcdatamodeld */ = {
			isa = XCVersionGroup;
			children = (
				9A091C4321E3AA5C0007F332 /* FamilyTreeDemo.xcdatamodel */,
			);
			currentVersion = 9A091C4321E3AA5C0007F332 /* FamilyTreeDemo.xcdatamodel */;
			path = FamilyTreeDemo.xcdatamodeld;
			sourceTree = "<group>";
			versionGroupType = wrapper.xcdatamodel;
		};
/* End XCVersionGroup section */
	};
	rootObject = 9A091C3021E3AA5C0007F332 /* Project object */;
}
